{
  "version": 4,
  "terraform_version": "1.6.4",
  "serial": 61,
  "lineage": "2930caab-f086-604f-b673-1553240dd2cc",
  "outputs": {},
  "resources": [
    {
      "mode": "managed",
      "type": "podinate_pod",
      "name": "database_pod",
      "provider": "provider[\"registry.terraform.io/podinate/podinate\"]",
      "instances": [
        {
          "schema_version": 0,
          "attributes": {
            "account": "my-second-account",
            "created_at": null,
            "id": "mariadb",
            "image": "mariadb",
            "name": "MySQL",
            "project_id": "wordpress-blog",
            "resource_id": "account:my-second-account/project:wordpress-blog/pod:mariadb",
            "status": "Updating",
            "tag": "10"
          },
          "sensitive_attributes": [],
          "dependencies": [
            "podinate_project.wordpress_project"
          ]
        }
      ]
    },
    {
      "mode": "managed",
      "type": "podinate_pod",
      "name": "wordpress_pod",
      "provider": "provider[\"registry.terraform.io/podinate/podinate\"]",
      "instances": [
        {
          "schema_version": 0,
          "attributes": {
            "account": "my-second-account",
            "created_at": null,
            "id": "wordpress",
            "image": "wordpress",
            "name": "WordPress",
            "project_id": "wordpress-blog",
            "resource_id": "account:my-second-account/project:wordpress-blog/pod:wordpress",
            "status": "OK",
            "tag": "6"
          },
          "sensitive_attributes": [],
          "dependencies": [
            "podinate_project.wordpress_project"
          ]
        }
      ]
    },
    {
      "mode": "managed",
      "type": "podinate_project",
      "name": "wordpress_project",
      "provider": "provider[\"registry.terraform.io/podinate/podinate\"]",
      "instances": [
        {
          "schema_version": 0,
          "attributes": {
            "account": "my-second-account",
            "id": "wordpress-blog",
            "name": "WordPress Blog",
            "resource_id": "account:my-second-account/project:wordpress-blog"
          },
          "sensitive_attributes": []
        }
      ]
    }
  ],
  "check_results": null
}
