{
  "version": 4,
  "terraform_version": "1.6.4",
  "serial": 15,
  "lineage": "2930caab-f086-604f-b673-1553240dd2cc",
  "outputs": {},
  "resources": [
    {
      "mode": "managed",
      "type": "podinate_pod",
      "name": "my_pod",
      "provider": "provider[\"registry.terraform.io/podinate/podinate\"]",
      "instances": [
        {
          "schema_version": 0,
          "attributes": {
            "account": "my-second-account",
            "created_at": null,
            "id": "hello-world",
            "image": "wordpress",
            "name": "Hello World",
            "project_id": "hello-world",
            "resource_id": null,
            "status": "Creating",
            "tag": "6.0"
          },
          "sensitive_attributes": [],
          "dependencies": [
            "podinate_project.wordpress_project"
          ]
        }
      ]
    },
    {
      "mode": "managed",
      "type": "podinate_project",
      "name": "wordpress_project",
      "provider": "provider[\"registry.terraform.io/podinate/podinate\"]",
      "instances": [
        {
          "schema_version": 0,
          "attributes": {
            "account": "my-second-account",
            "id": "hello-world",
            "name": "Podinate Blog",
            "resource_id": null
          },
          "sensitive_attributes": []
        }
      ]
    }
  ],
  "check_results": null
}
